
Microsoft Visual Studio Solution File, Format Version 12.00
# Visual Studio Version 17
VisualStudioVersion = 17.4.33103.184
MinimumVisualStudioVersion = 10.0.40219.1
Project("{FAE04EC0-301F-11D3-BF4B-00C04F79EFBC}") = "GrpcClient", "GrpcClient.csproj", "{3549543C-BB5A-45C1-A9A3-BEF168060AED}"
EndProject
Global
	GlobalSection(SolutionConfigurationPlatforms) = preSolution
		Debug|Any CPU = Debug|Any CPU
		Release|Any CPU = Release|Any CPU
	EndGlobalSection
	GlobalSection(ProjectConfigurationPlatforms) = postSolution
		{3549543C-BB5A-45C1-A9A3-BEF168060AED}.Debug|Any CPU.ActiveCfg = Debug|Any CPU
		{3549543C-BB5A-45C1-A9A3-BEF168060AED}.Debug|Any CPU.Build.0 = Debug|Any CPU
		{3549543C-BB5A-45C1-A9A3-BEF168060AED}.Release|Any CPU.ActiveCfg = Release|Any CPU
		{3549543C-BB5A-45C1-A9A3-BEF168060AED}.Release|Any CPU.Build.0 = Release|Any CPU
	EndGlobalSection
	GlobalSection(SolutionProperties) = preSolution
		HideSolutionNode = FALSE
	EndGlobalSection
	GlobalSection(ExtensibilityGlobals) = postSolution
		SolutionGuid = {8ED536D9-36EE-4851-93CA-09827FDA3748}
	EndGlobalSection
EndGlobal
